
Microsoft Visual Studio Solution File, Format Version 12.00
Project("{FAE04EC0-301F-11D3-BF4B-00C04F79EFBC}") = "PhoneBook.Core", "PhoneBook.Core\PhoneBook.Core.csproj", "{30728511-3B98-48F0-8BF5-1EAF79B5749C}"
EndProject
Project("{FAE04EC0-301F-11D3-BF4B-00C04F79EFBC}") = "PhoneBook.ConsoleApp", "PhoneBook.ConsoleApp\PhoneBook.ConsoleApp.csproj", "{9C87A6EE-08E9-4790-BC0E-0133C96EC7FC}"
EndProject
Project("{FAE04EC0-301F-11D3-BF4B-00C04F79EFBC}") = "PhoneBook.Web", "PhoneBook.Web\PhoneBook.Web.csproj", "{8B4E8DAA-EA54-4CD8-9FC1-03985CCBBEA1}"
EndProject
Project("{FAE04EC0-301F-11D3-BF4B-00C04F79EFBC}") = "PhoneBook.Infrastructure", "PhoneBook.Infrastructure\PhoneBook.Infrastructure.csproj", "{30ACAC02-C028-4762-9AD2-6CBDB998DD3D}"
EndProject
Project("{2150E333-8FDC-42A3-9474-1A3956D46DE8}") = "Testing", "Testing", "{78DDA25A-7C38-13C4-DE39-740FEE45D7B1}"
EndProject
Project("{FAE04EC0-301F-11D3-BF4B-00C04F79EFBC}") = "PhoneBook.Testing", "Testing\PhoneBook.Testing\PhoneBook.Testing.csproj", "{BC168CC6-6548-475F-8D2B-8891E074D5A6}"
EndProject
Project("{FAE04EC0-301F-11D3-BF4B-00C04F79EFBC}") = "PhoneBook.Core.Tests", "Testing\PhoneBook.Core.Tests\PhoneBook.Core.Tests.csproj", "{4702D6D8-86BE-487F-9E96-E52C5D9BCA12}"
EndProject
Global
	GlobalSection(SolutionConfigurationPlatforms) = preSolution
		Debug|Any CPU = Debug|Any CPU
		Debug|x64 = Debug|x64
		Debug|x86 = Debug|x86
		Release|Any CPU = Release|Any CPU
		Release|x64 = Release|x64
		Release|x86 = Release|x86
	EndGlobalSection
	GlobalSection(ProjectConfigurationPlatforms) = postSolution
		{30728511-3B98-48F0-8BF5-1EAF79B5749C}.Debug|Any CPU.ActiveCfg = Debug|Any CPU
		{30728511-3B98-48F0-8BF5-1EAF79B5749C}.Debug|Any CPU.Build.0 = Debug|Any CPU
		{30728511-3B98-48F0-8BF5-1EAF79B5749C}.Debug|x64.ActiveCfg = Debug|Any CPU
		{30728511-3B98-48F0-8BF5-1EAF79B5749C}.Debug|x64.Build.0 = Debug|Any CPU
		{30728511-3B98-48F0-8BF5-1EAF79B5749C}.Debug|x86.ActiveCfg = Debug|Any CPU
		{30728511-3B98-48F0-8BF5-1EAF79B5749C}.Debug|x86.Build.0 = Debug|Any CPU
		{30728511-3B98-48F0-8BF5-1EAF79B5749C}.Release|Any CPU.ActiveCfg = Release|Any CPU
		{30728511-3B98-48F0-8BF5-1EAF79B5749C}.Release|Any CPU.Build.0 = Release|Any CPU
		{30728511-3B98-48F0-8BF5-1EAF79B5749C}.Release|x64.ActiveCfg = Release|Any CPU
		{30728511-3B98-48F0-8BF5-1EAF79B5749C}.Release|x64.Build.0 = Release|Any CPU
		{30728511-3B98-48F0-8BF5-1EAF79B5749C}.Release|x86.ActiveCfg = Release|Any CPU
		{30728511-3B98-48F0-8BF5-1EAF79B5749C}.Release|x86.Build.0 = Release|Any CPU
		{9C87A6EE-08E9-4790-BC0E-0133C96EC7FC}.Debug|Any CPU.ActiveCfg = Debug|Any CPU
		{9C87A6EE-08E9-4790-BC0E-0133C96EC7FC}.Debug|Any CPU.Build.0 = Debug|Any CPU
		{9C87A6EE-08E9-4790-BC0E-0133C96EC7FC}.Debug|x64.ActiveCfg = Debug|Any CPU
		{9C87A6EE-08E9-4790-BC0E-0133C96EC7FC}.Debug|x64.Build.0 = Debug|Any CPU
		{9C87A6EE-08E9-4790-BC0E-0133C96EC7FC}.Debug|x86.ActiveCfg = Debug|Any CPU
		{9C87A6EE-08E9-4790-BC0E-0133C96EC7FC}.Debug|x86.Build.0 = Debug|Any CPU
		{9C87A6EE-08E9-4790-BC0E-0133C96EC7FC}.Release|Any CPU.ActiveCfg = Release|Any CPU
		{9C87A6EE-08E9-4790-BC0E-0133C96EC7FC}.Release|Any CPU.Build.0 = Release|Any CPU
		{9C87A6EE-08E9-4790-BC0E-0133C96EC7FC}.Release|x64.ActiveCfg = Release|Any CPU
		{9C87A6EE-08E9-4790-BC0E-0133C96EC7FC}.Release|x64.Build.0 = Release|Any CPU
		{9C87A6EE-08E9-4790-BC0E-0133C96EC7FC}.Release|x86.ActiveCfg = Release|Any CPU
		{9C87A6EE-08E9-4790-BC0E-0133C96EC7FC}.Release|x86.Build.0 = Release|Any CPU
		{8B4E8DAA-EA54-4CD8-9FC1-03985CCBBEA1}.Debug|Any CPU.ActiveCfg = Debug|Any CPU
		{8B4E8DAA-EA54-4CD8-9FC1-03985CCBBEA1}.Debug|Any CPU.Build.0 = Debug|Any CPU
		{8B4E8DAA-EA54-4CD8-9FC1-03985CCBBEA1}.Debug|x64.ActiveCfg = Debug|Any CPU
		{8B4E8DAA-EA54-4CD8-9FC1-03985CCBBEA1}.Debug|x64.Build.0 = Debug|Any CPU
		{8B4E8DAA-EA54-4CD8-9FC1-03985CCBBEA1}.Debug|x86.ActiveCfg = Debug|Any CPU
		{8B4E8DAA-EA54-4CD8-9FC1-03985CCBBEA1}.Debug|x86.Build.0 = Debug|Any CPU
		{8B4E8DAA-EA54-4CD8-9FC1-03985CCBBEA1}.Release|Any CPU.ActiveCfg = Release|Any CPU
		{8B4E8DAA-EA54-4CD8-9FC1-03985CCBBEA1}.Release|Any CPU.Build.0 = Release|Any CPU
		{8B4E8DAA-EA54-4CD8-9FC1-03985CCBBEA1}.Release|x64.ActiveCfg = Release|Any CPU
		{8B4E8DAA-EA54-4CD8-9FC1-03985CCBBEA1}.Release|x64.Build.0 = Release|Any CPU
		{8B4E8DAA-EA54-4CD8-9FC1-03985CCBBEA1}.Release|x86.ActiveCfg = Release|Any CPU
		{8B4E8DAA-EA54-4CD8-9FC1-03985CCBBEA1}.Release|x86.Build.0 = Release|Any CPU
		{30ACAC02-C028-4762-9AD2-6CBDB998DD3D}.Debug|Any CPU.ActiveCfg = Debug|Any CPU
		{30ACAC02-C028-4762-9AD2-6CBDB998DD3D}.Debug|Any CPU.Build.0 = Debug|Any CPU
		{30ACAC02-C028-4762-9AD2-6CBDB998DD3D}.Debug|x64.ActiveCfg = Debug|Any CPU
		{30ACAC02-C028-4762-9AD2-6CBDB998DD3D}.Debug|x64.Build.0 = Debug|Any CPU
		{30ACAC02-C028-4762-9AD2-6CBDB998DD3D}.Debug|x86.ActiveCfg = Debug|Any CPU
		{30ACAC02-C028-4762-9AD2-6CBDB998DD3D}.Debug|x86.Build.0 = Debug|Any CPU
		{30ACAC02-C028-4762-9AD2-6CBDB998DD3D}.Release|Any CPU.ActiveCfg = Release|Any CPU
		{30ACAC02-C028-4762-9AD2-6CBDB998DD3D}.Release|Any CPU.Build.0 = Release|Any CPU
		{30ACAC02-C028-4762-9AD2-6CBDB998DD3D}.Release|x64.ActiveCfg = Release|Any CPU
		{30ACAC02-C028-4762-9AD2-6CBDB998DD3D}.Release|x64.Build.0 = Release|Any CPU
		{30ACAC02-C028-4762-9AD2-6CBDB998DD3D}.Release|x86.ActiveCfg = Release|Any CPU
		{30ACAC02-C028-4762-9AD2-6CBDB998DD3D}.Release|x86.Build.0 = Release|Any CPU
		{BC168CC6-6548-475F-8D2B-8891E074D5A6}.Debug|Any CPU.ActiveCfg = Debug|Any CPU
		{BC168CC6-6548-475F-8D2B-8891E074D5A6}.Debug|Any CPU.Build.0 = Debug|Any CPU
		{BC168CC6-6548-475F-8D2B-8891E074D5A6}.Debug|x64.ActiveCfg = Debug|Any CPU
		{BC168CC6-6548-475F-8D2B-8891E074D5A6}.Debug|x64.Build.0 = Debug|Any CPU
		{BC168CC6-6548-475F-8D2B-8891E074D5A6}.Debug|x86.ActiveCfg = Debug|Any CPU
		{BC168CC6-6548-475F-8D2B-8891E074D5A6}.Debug|x86.Build.0 = Debug|Any CPU
		{BC168CC6-6548-475F-8D2B-8891E074D5A6}.Release|Any CPU.ActiveCfg = Release|Any CPU
		{BC168CC6-6548-475F-8D2B-8891E074D5A6}.Release|Any CPU.Build.0 = Release|Any CPU
		{BC168CC6-6548-475F-8D2B-8891E074D5A6}.Release|x64.ActiveCfg = Release|Any CPU
		{BC168CC6-6548-475F-8D2B-8891E074D5A6}.Release|x64.Build.0 = Release|Any CPU
		{BC168CC6-6548-475F-8D2B-8891E074D5A6}.Release|x86.ActiveCfg = Release|Any CPU
		{BC168CC6-6548-475F-8D2B-8891E074D5A6}.Release|x86.Build.0 = Release|Any CPU
		{4702D6D8-86BE-487F-9E96-E52C5D9BCA12}.Debug|Any CPU.ActiveCfg = Debug|Any CPU
		{4702D6D8-86BE-487F-9E96-E52C5D9BCA12}.Debug|Any CPU.Build.0 = Debug|Any CPU
		{4702D6D8-86BE-487F-9E96-E52C5D9BCA12}.Debug|x64.ActiveCfg = Debug|Any CPU
		{4702D6D8-86BE-487F-9E96-E52C5D9BCA12}.Debug|x64.Build.0 = Debug|Any CPU
		{4702D6D8-86BE-487F-9E96-E52C5D9BCA12}.Debug|x86.ActiveCfg = Debug|Any CPU
		{4702D6D8-86BE-487F-9E96-E52C5D9BCA12}.Debug|x86.Build.0 = Debug|Any CPU
		{4702D6D8-86BE-487F-9E96-E52C5D9BCA12}.Release|Any CPU.ActiveCfg = Release|Any CPU
		{4702D6D8-86BE-487F-9E96-E52C5D9BCA12}.Release|Any CPU.Build.0 = Release|Any CPU
		{4702D6D8-86BE-487F-9E96-E52C5D9BCA12}.Release|x64.ActiveCfg = Release|Any CPU
		{4702D6D8-86BE-487F-9E96-E52C5D9BCA12}.Release|x64.Build.0 = Release|Any CPU
		{4702D6D8-86BE-487F-9E96-E52C5D9BCA12}.Release|x86.ActiveCfg = Release|Any CPU
		{4702D6D8-86BE-487F-9E96-E52C5D9BCA12}.Release|x86.Build.0 = Release|Any CPU
	EndGlobalSection
	GlobalSection(SolutionProperties) = preSolution
		HideSolutionNode = FALSE
	EndGlobalSection
	GlobalSection(NestedProjects) = preSolution
		{BC168CC6-6548-475F-8D2B-8891E074D5A6} = {78DDA25A-7C38-13C4-DE39-740FEE45D7B1}
		{4702D6D8-86BE-487F-9E96-E52C5D9BCA12} = {78DDA25A-7C38-13C4-DE39-740FEE45D7B1}
	EndGlobalSection
EndGlobal
