
Microsoft Visual Studio Solution File, Format Version 12.00
Project("{FAE04EC0-301F-11D3-BF4B-00C04F79EFBC}") = "PhoneBook.Core", "PhoneBook.Core\PhoneBook.Core.csproj", "{30728511-3B98-48F0-8BF5-1EAF79B5749C}"
EndProject
Project("{FAE04EC0-301F-11D3-BF4B-00C04F79EFBC}") = "PhoneBook.ConsoleApp", "PhoneBook.ConsoleApp\PhoneBook.ConsoleApp.csproj", "{9C87A6EE-08E9-4790-BC0E-0133C96EC7FC}"
EndProject
Project("{FAE04EC0-301F-11D3-BF4B-00C04F79EFBC}") = "PhoneBook.Web", "PhoneBook.Web\PhoneBook.Web.csproj", "{8B4E8DAA-EA54-4CD8-9FC1-03985CCBBEA1}"
EndProject
Global
	GlobalSection(SolutionConfigurationPlatforms) = preSolution
		Debug|Any CPU = Debug|Any CPU
		Release|Any CPU = Release|Any CPU
	EndGlobalSection
	GlobalSection(ProjectConfigurationPlatforms) = postSolution
		{30728511-3B98-48F0-8BF5-1EAF79B5749C}.Debug|Any CPU.ActiveCfg = Debug|Any CPU
		{30728511-3B98-48F0-8BF5-1EAF79B5749C}.Debug|Any CPU.Build.0 = Debug|Any CPU
		{30728511-3B98-48F0-8BF5-1EAF79B5749C}.Release|Any CPU.ActiveCfg = Release|Any CPU
		{30728511-3B98-48F0-8BF5-1EAF79B5749C}.Release|Any CPU.Build.0 = Release|Any CPU
		{9C87A6EE-08E9-4790-BC0E-0133C96EC7FC}.Debug|Any CPU.ActiveCfg = Debug|Any CPU
		{9C87A6EE-08E9-4790-BC0E-0133C96EC7FC}.Debug|Any CPU.Build.0 = Debug|Any CPU
		{9C87A6EE-08E9-4790-BC0E-0133C96EC7FC}.Release|Any CPU.ActiveCfg = Release|Any CPU
		{9C87A6EE-08E9-4790-BC0E-0133C96EC7FC}.Release|Any CPU.Build.0 = Release|Any CPU
		{8B4E8DAA-EA54-4CD8-9FC1-03985CCBBEA1}.Debug|Any CPU.ActiveCfg = Debug|Any CPU
		{8B4E8DAA-EA54-4CD8-9FC1-03985CCBBEA1}.Debug|Any CPU.Build.0 = Debug|Any CPU
		{8B4E8DAA-EA54-4CD8-9FC1-03985CCBBEA1}.Release|Any CPU.ActiveCfg = Release|Any CPU
		{8B4E8DAA-EA54-4CD8-9FC1-03985CCBBEA1}.Release|Any CPU.Build.0 = Release|Any CPU
	EndGlobalSection
EndGlobal
